{
    "_readme": [
        "This file locks the dependencies of your project to a known state",
        "Read more about it at https://getcomposer.org/doc/01-basic-usage.md#installing-dependencies",
        "This file is @generated automatically"
    ],
    "content-hash": "1f5289de5f08616062a8ea7ffead837f",
    "packages": [
        {
            "name": "martena-soft/warehouse",
            "version": "1.1.1",
            "source": {
                "type": "git",
                "url": "https://github.com/martenasoft/WarehouseBundle.git",
                "reference": "8450e1394eafd022e0435dc6a6397cf36356a980"
            },
            "dist": {
                "type": "zip",
                "url": "https://api.github.com/repos/martenasoft/WarehouseBundle/zipball/8450e1394eafd022e0435dc6a6397cf36356a980",
                "reference": "8450e1394eafd022e0435dc6a6397cf36356a980",
                "shasum": ""
            },
            "type": "bundle",
            "autoload": {
                "psr-4": {
                    "MartenaSoft\\Warehouse\\": "src/"
                }
            },
            "notification-url": "https://packagist.org/downloads/",
            "license": [
                "MIT"
            ],
            "authors": [
                {
                    "name": "Anisimov Kostya",
                    "email": "kostiaGm@gmail.com"
                }
            ],
            "support": {
                "issues": "https://github.com/martenasoft/WarehouseBundle/issues",
                "source": "https://github.com/martenasoft/WarehouseBundle/tree/1.1.1"
            },
            "time": "2021-11-11T05:16:51+00:00"
        },
        {
            "name": "martena-soft/warehouse-common",
            "version": "1.1.1",
            "source": {
                "type": "git",
                "url": "https://github.com/martenasoft/WarehouseCommon.git",
                "reference": "f61318cba89eb3f961b36b16b04646ee34c3c13a"
            },
            "dist": {
                "type": "zip",
                "url": "https://api.github.com/repos/martenasoft/WarehouseCommon/zipball/f61318cba89eb3f961b36b16b04646ee34c3c13a",
                "reference": "f61318cba89eb3f961b36b16b04646ee34c3c13a",
                "shasum": ""
            },
            "type": "bundle",
            "autoload": {
                "psr-4": {
                    "MartenaSoft\\WarehouseCommon\\": "src/"
                }
            },
            "notification-url": "https://packagist.org/downloads/",
            "license": [
                "MIT"
            ],
            "authors": [
                {
                    "name": "Anisimov Kostya",
                    "email": "kostiaGm@gmail.com"
                }
            ],
            "support": {
                "issues": "https://github.com/martenasoft/WarehouseCommon/issues",
                "source": "https://github.com/martenasoft/WarehouseCommon/tree/1.1.1"
            },
            "time": "2021-11-10T22:43:32+00:00"
        },
        {
            "name": "martena-soft/warehouse-reports",
            "version": "1.1.2",
            "source": {
                "type": "git",
                "url": "https://github.com/martenasoft/WarehouseReports.git",
                "reference": "dace75df4ffdd80af0f5eed8f7dd5aff6616c319"
            },
            "dist": {
                "type": "zip",
                "url": "https://api.github.com/repos/martenasoft/WarehouseReports/zipball/dace75df4ffdd80af0f5eed8f7dd5aff6616c319",
                "reference": "dace75df4ffdd80af0f5eed8f7dd5aff6616c319",
                "shasum": ""
            },
            "require": {
                "martena-soft/warehouse-common": "^1.1"
            },
            "type": "bundle",
            "autoload": {
                "psr-4": {
                    "MartenaSoft\\WarehouseReports\\": "src/"
                }
            },
            "notification-url": "https://packagist.org/downloads/",
            "license": [
                "MIT"
            ],
            "authors": [
                {
                    "name": "Anisimov Kostya",
                    "email": "kostiaGm@gmail.com"
                }
            ],
            "support": {
                "issues": "https://github.com/martenasoft/WarehouseReports/issues",
                "source": "https://github.com/martenasoft/WarehouseReports/tree/1.1.2"
            },
            "time": "2021-11-11T05:26:33+00:00"
        },
        {
            "name": "martena-soft/warehouse-safe",
            "version": "1.1.1",
            "source": {
                "type": "git",
                "url": "https://github.com/martenasoft/WarehouseSafe.git",
                "reference": "258b54af5861a4993fb2dd01a5e6125b7dd1f7f4"
            },
            "dist": {
                "type": "zip",
                "url": "https://api.github.com/repos/martenasoft/WarehouseSafe/zipball/258b54af5861a4993fb2dd01a5e6125b7dd1f7f4",
                "reference": "258b54af5861a4993fb2dd01a5e6125b7dd1f7f4",
                "shasum": ""
            },
            "type": "bundle",
            "autoload": {
                "psr-4": {
                    "MartenaSoft\\Safe\\": "src/"
                }
            },
            "notification-url": "https://packagist.org/downloads/",
            "license": [
                "MIT"
            ],
            "authors": [
                {
                    "name": "Anisimov Kostya",
                    "email": "kostiaGm@gmail.com"
                }
            ],
            "description": "Warehouse Safe Bundle",
            "support": {
                "issues": "https://github.com/martenasoft/WarehouseSafe/issues",
                "source": "https://github.com/martenasoft/WarehouseSafe/tree/1.1.1"
            },
            "time": "2021-11-10T22:38:04+00:00"
        }
    ],
    "packages-dev": [],
    "aliases": [],
    "minimum-stability": "stable",
    "stability-flags": [],
    "prefer-stable": false,
    "prefer-lowest": false,
    "platform": [],
    "platform-dev": [],
    "plugin-api-version": "2.1.0"
}
